{
  "name": "HackMamba",
  "lockfileVersion": 2,
  "requires": true,
  "packages": {
    "": {
      "dependencies": {
        "@xata.io/client": "^0.20.0",
        "dotenv": "^16.0.3"
      }
    },
    "node_modules/@xata.io/client": {
      "version": "0.20.0",
      "resolved": "https://registry.npmjs.org/@xata.io/client/-/client-0.20.0.tgz",
      "integrity": "sha512-yzpsPh0EjLpuRqvsUcGl1ZB7G7tjrGg3j5G9ffTCKKplWxy1E/iFjagWbMpa+1j9T8CT/epBHoS9Q2ZyymkTkw==",
      "peerDependencies": {
        "typescript": ">=4.5"
      }
    },
    "node_modules/dotenv": {
      "version": "16.0.3",
      "resolved": "https://registry.npmjs.org/dotenv/-/dotenv-16.0.3.tgz",
      "integrity": "sha512-7GO6HghkA5fYG9TYnNxi14/7K9f5occMlp3zXAuSxn7CKCxt9xbNWG7yF8hTCSUchlfWSe3uLmlPfigevRItzQ==",
      "engines": {
        "node": ">=12"
      }
    },
    "node_modules/typescript": {
      "version": "4.8.4",
      "resolved": "https://registry.npmjs.org/typescript/-/typescript-4.8.4.tgz",
      "integrity": "sha512-QCh+85mCy+h0IGff8r5XWzOVSbBO+KfeYrMQh7NJ58QujwcE22u+NUSmUxqF+un70P9GXKxa2HCNiTTMJknyjQ==",
      "peer": true,
      "bin": {
        "tsc": "bin/tsc",
        "tsserver": "bin/tsserver"
      },
      "engines": {
        "node": ">=4.2.0"
      }
    }
  },
  "dependencies": {
    "@xata.io/client": {
      "version": "0.20.0",
      "resolved": "https://registry.npmjs.org/@xata.io/client/-/client-0.20.0.tgz",
      "integrity": "sha512-yzpsPh0EjLpuRqvsUcGl1ZB7G7tjrGg3j5G9ffTCKKplWxy1E/iFjagWbMpa+1j9T8CT/epBHoS9Q2ZyymkTkw==",
      "requires": {}
    },
    "dotenv": {
      "version": "16.0.3",
      "resolved": "https://registry.npmjs.org/dotenv/-/dotenv-16.0.3.tgz",
      "integrity": "sha512-7GO6HghkA5fYG9TYnNxi14/7K9f5occMlp3zXAuSxn7CKCxt9xbNWG7yF8hTCSUchlfWSe3uLmlPfigevRItzQ=="
    },
    "typescript": {
      "version": "4.8.4",
      "resolved": "https://registry.npmjs.org/typescript/-/typescript-4.8.4.tgz",
      "integrity": "sha512-QCh+85mCy+h0IGff8r5XWzOVSbBO+KfeYrMQh7NJ58QujwcE22u+NUSmUxqF+un70P9GXKxa2HCNiTTMJknyjQ==",
      "peer": true
    }
  }
}
